// !$*UTF8*$!
{
	archiveVersion = 1;
	classes = {
	};
	objectVersion = 55;
	objects = {

/* Begin PBXBuildFile section */
		871C5AF428E892FE000BC7AB /* GoogleService-Info.plist in Resources */ = {isa = PBXBuildFile; fileRef = 871C5AF328E892FE000BC7AB /* GoogleService-Info.plist */; };
		871C5AF728E898C9000BC7AB /* FirebaseAnalytics in Frameworks */ = {isa = PBXBuildFile; productRef = 871C5AF628E898C9000BC7AB /* FirebaseAnalytics */; };
		871C5AF928E898C9000BC7AB /* FirebaseAuth in Frameworks */ = {isa = PBXBuildFile; productRef = 871C5AF828E898C9000BC7AB /* FirebaseAuth */; };
		871C5AFB28E898C9000BC7AB /* FirebaseCrashlytics in Frameworks */ = {isa = PBXBuildFile; productRef = 871C5AFA28E898C9000BC7AB /* FirebaseCrashlytics */; };
		871C5AFD28E898C9000BC7AB /* FirebaseDatabase in Frameworks */ = {isa = PBXBuildFile; productRef = 871C5AFC28E898C9000BC7AB /* FirebaseDatabase */; };
		871C5AFF28E9A9B0000BC7AB /* StartViewController.swift in Sources */ = {isa = PBXBuildFile; fileRef = 871C5AFE28E9A9B0000BC7AB /* StartViewController.swift */; };
		871C5B0128E9AA8B000BC7AB /* SignInViewController.swift in Sources */ = {isa = PBXBuildFile; fileRef = 871C5B0028E9AA8B000BC7AB /* SignInViewController.swift */; };
		871C5B0328E9AD39000BC7AB /* SignUpViewController.swift in Sources */ = {isa = PBXBuildFile; fileRef = 871C5B0228E9AD39000BC7AB /* SignUpViewController.swift */; };
		87567F8828F2EE9800493540 /* OnboardingViewController.swift in Sources */ = {isa = PBXBuildFile; fileRef = 87567F8728F2EE9800493540 /* OnboardingViewController.swift */; };
		87567F8A28F2F3BC00493540 /* OnboardingSlide.swift in Sources */ = {isa = PBXBuildFile; fileRef = 87567F8928F2F3BC00493540 /* OnboardingSlide.swift */; };
		87567F8D28F2F7A500493540 /* OnboardingCollectionViewCell.swift in Sources */ = {isa = PBXBuildFile; fileRef = 87567F8C28F2F7A500493540 /* OnboardingCollectionViewCell.swift */; };
		8791407228F9992000FFFF0A /* DishPortraitCollectionViewCell.swift in Sources */ = {isa = PBXBuildFile; fileRef = 8791407028F9992000FFFF0A /* DishPortraitCollectionViewCell.swift */; };
		8791407328F9992000FFFF0A /* DishPortraitCollectionViewCell.xib in Resources */ = {isa = PBXBuildFile; fileRef = 8791407128F9992000FFFF0A /* DishPortraitCollectionViewCell.xib */; };
		8791407528F99C9F00FFFF0A /* Dish.swift in Sources */ = {isa = PBXBuildFile; fileRef = 8791407428F99C9F00FFFF0A /* Dish.swift */; };
		879569C028EAA4E90028805B /* ForgotPassViewController.swift in Sources */ = {isa = PBXBuildFile; fileRef = 879569BF28EAA4E90028805B /* ForgotPassViewController.swift */; };
		879D8B8028F46F1000A03DF2 /* HomeViewController.swift in Sources */ = {isa = PBXBuildFile; fileRef = 879D8B7F28F46F1000A03DF2 /* HomeViewController.swift */; };
		879D8B8928F486C000A03DF2 /* DishCategory.swift in Sources */ = {isa = PBXBuildFile; fileRef = 879D8B8828F486C000A03DF2 /* DishCategory.swift */; };
		879D8B8C28F4898A00A03DF2 /* Kingfisher in Frameworks */ = {isa = PBXBuildFile; productRef = 879D8B8B28F4898A00A03DF2 /* Kingfisher */; };
		879D8B8E28F48B1600A03DF2 /* String+Extension.swift in Sources */ = {isa = PBXBuildFile; fileRef = 879D8B8D28F48B1600A03DF2 /* String+Extension.swift */; };
		879D8B9128F49BBA00A03DF2 /* CardView.swift in Sources */ = {isa = PBXBuildFile; fileRef = 879D8B9028F49BBA00A03DF2 /* CardView.swift */; };
		879D8B9428F5B76A00A03DF2 /* CategoryCollectionViewCell.swift in Sources */ = {isa = PBXBuildFile; fileRef = 879D8B9228F5B76A00A03DF2 /* CategoryCollectionViewCell.swift */; };
		879D8B9528F5B76A00A03DF2 /* CategoryCollectionViewCell.xib in Resources */ = {isa = PBXBuildFile; fileRef = 879D8B9328F5B76A00A03DF2 /* CategoryCollectionViewCell.xib */; };
		87D9579F28E850B100BFD9AE /* AppDelegate.swift in Sources */ = {isa = PBXBuildFile; fileRef = 87D9579E28E850B100BFD9AE /* AppDelegate.swift */; };
		87D957A128E850B100BFD9AE /* SceneDelegate.swift in Sources */ = {isa = PBXBuildFile; fileRef = 87D957A028E850B100BFD9AE /* SceneDelegate.swift */; };
		87D957A628E850B100BFD9AE /* Registration.storyboard in Resources */ = {isa = PBXBuildFile; fileRef = 87D957A428E850B100BFD9AE /* Registration.storyboard */; };
		87D957A828E850B700BFD9AE /* Assets.xcassets in Resources */ = {isa = PBXBuildFile; fileRef = 87D957A728E850B700BFD9AE /* Assets.xcassets */; };
		87D957AB28E850B700BFD9AE /* LaunchScreen.storyboard in Resources */ = {isa = PBXBuildFile; fileRef = 87D957A928E850B700BFD9AE /* LaunchScreen.storyboard */; };
		87E35DB828EC346100BA4DD5 /* StViewController.swift in Sources */ = {isa = PBXBuildFile; fileRef = 87E35DB728EC346100BA4DD5 /* StViewController.swift */; };
		87FC939628E9E67300E512E3 /* Main.storyboard in Resources */ = {isa = PBXBuildFile; fileRef = 87FC939528E9E67300E512E3 /* Main.storyboard */; };
		87FC939828EA0F3300E512E3 /* VerificationService.swift in Sources */ = {isa = PBXBuildFile; fileRef = 87FC939728EA0F3300E512E3 /* VerificationService.swift */; };
/* End PBXBuildFile section */

/* Begin PBXFileReference section */
		871C5AF328E892FE000BC7AB /* GoogleService-Info.plist */ = {isa = PBXFileReference; fileEncoding = 4; lastKnownFileType = text.plist.xml; path = "GoogleService-Info.plist"; sourceTree = "<group>"; };
		871C5AFE28E9A9B0000BC7AB /* StartViewController.swift */ = {isa = PBXFileReference; lastKnownFileType = sourcecode.swift; path = StartViewController.swift; sourceTree = "<group>"; };
		871C5B0028E9AA8B000BC7AB /* SignInViewController.swift */ = {isa = PBXFileReference; lastKnownFileType = sourcecode.swift; path = SignInViewController.swift; sourceTree = "<group>"; };
		871C5B0228E9AD39000BC7AB /* SignUpViewController.swift */ = {isa = PBXFileReference; lastKnownFileType = sourcecode.swift; path = SignUpViewController.swift; sourceTree = "<group>"; };
		87567F8728F2EE9800493540 /* OnboardingViewController.swift */ = {isa = PBXFileReference; lastKnownFileType = sourcecode.swift; path = OnboardingViewController.swift; sourceTree = "<group>"; };
		87567F8928F2F3BC00493540 /* OnboardingSlide.swift */ = {isa = PBXFileReference; lastKnownFileType = sourcecode.swift; path = OnboardingSlide.swift; sourceTree = "<group>"; };
		87567F8C28F2F7A500493540 /* OnboardingCollectionViewCell.swift */ = {isa = PBXFileReference; lastKnownFileType = sourcecode.swift; path = OnboardingCollectionViewCell.swift; sourceTree = "<group>"; };
		8791407028F9992000FFFF0A /* DishPortraitCollectionViewCell.swift */ = {isa = PBXFileReference; lastKnownFileType = sourcecode.swift; path = DishPortraitCollectionViewCell.swift; sourceTree = "<group>"; };
		8791407128F9992000FFFF0A /* DishPortraitCollectionViewCell.xib */ = {isa = PBXFileReference; lastKnownFileType = file.xib; path = DishPortraitCollectionViewCell.xib; sourceTree = "<group>"; };
		8791407428F99C9F00FFFF0A /* Dish.swift */ = {isa = PBXFileReference; lastKnownFileType = sourcecode.swift; path = Dish.swift; sourceTree = "<group>"; };
		879569BF28EAA4E90028805B /* ForgotPassViewController.swift */ = {isa = PBXFileReference; lastKnownFileType = sourcecode.swift; path = ForgotPassViewController.swift; sourceTree = "<group>"; };
		879D8B7F28F46F1000A03DF2 /* HomeViewController.swift */ = {isa = PBXFileReference; lastKnownFileType = sourcecode.swift; path = HomeViewController.swift; sourceTree = "<group>"; };
		879D8B8828F486C000A03DF2 /* DishCategory.swift */ = {isa = PBXFileReference; lastKnownFileType = sourcecode.swift; path = DishCategory.swift; sourceTree = "<group>"; };
		879D8B8D28F48B1600A03DF2 /* String+Extension.swift */ = {isa = PBXFileReference; lastKnownFileType = sourcecode.swift; path = "String+Extension.swift"; sourceTree = "<group>"; };
		879D8B9028F49BBA00A03DF2 /* CardView.swift */ = {isa = PBXFileReference; lastKnownFileType = sourcecode.swift; path = CardView.swift; sourceTree = "<group>"; };
		879D8B9228F5B76A00A03DF2 /* CategoryCollectionViewCell.swift */ = {isa = PBXFileReference; lastKnownFileType = sourcecode.swift; path = CategoryCollectionViewCell.swift; sourceTree = "<group>"; };
		879D8B9328F5B76A00A03DF2 /* CategoryCollectionViewCell.xib */ = {isa = PBXFileReference; lastKnownFileType = file.xib; path = CategoryCollectionViewCell.xib; sourceTree = "<group>"; };
		87D9579B28E850B100BFD9AE /* InfoPlistFood.app */ = {isa = PBXFileReference; explicitFileType = wrapper.application; includeInIndex = 0; path = InfoPlistFood.app; sourceTree = BUILT_PRODUCTS_DIR; };
		87D9579E28E850B100BFD9AE /* AppDelegate.swift */ = {isa = PBXFileReference; lastKnownFileType = sourcecode.swift; path = AppDelegate.swift; sourceTree = "<group>"; };
		87D957A028E850B100BFD9AE /* SceneDelegate.swift */ = {isa = PBXFileReference; lastKnownFileType = sourcecode.swift; path = SceneDelegate.swift; sourceTree = "<group>"; };
		87D957A528E850B100BFD9AE /* Base */ = {isa = PBXFileReference; lastKnownFileType = file.storyboard; name = Base; path = Base.lproj/Registration.storyboard; sourceTree = "<group>"; };
		87D957A728E850B700BFD9AE /* Assets.xcassets */ = {isa = PBXFileReference; lastKnownFileType = folder.assetcatalog; path = Assets.xcassets; sourceTree = "<group>"; };
		87D957AA28E850B700BFD9AE /* Base */ = {isa = PBXFileReference; lastKnownFileType = file.storyboard; name = Base; path = Base.lproj/LaunchScreen.storyboard; sourceTree = "<group>"; };
		87D957AC28E850B700BFD9AE /* Info.plist */ = {isa = PBXFileReference; lastKnownFileType = text.plist.xml; path = Info.plist; sourceTree = "<group>"; };
		87E35DB728EC346100BA4DD5 /* StViewController.swift */ = {isa = PBXFileReference; lastKnownFileType = sourcecode.swift; path = StViewController.swift; sourceTree = "<group>"; };
		87E575DC28EAFD4E000AA3E0 /* InfoPlistFood.entitlements */ = {isa = PBXFileReference; lastKnownFileType = text.plist.entitlements; path = InfoPlistFood.entitlements; sourceTree = "<group>"; };
		87FC939528E9E67300E512E3 /* Main.storyboard */ = {isa = PBXFileReference; lastKnownFileType = file.storyboard; path = Main.storyboard; sourceTree = "<group>"; };
		87FC939728EA0F3300E512E3 /* VerificationService.swift */ = {isa = PBXFileReference; lastKnownFileType = sourcecode.swift; path = VerificationService.swift; sourceTree = "<group>"; };
/* End PBXFileReference section */

/* Begin PBXFrameworksBuildPhase section */
		87D9579828E850B100BFD9AE /* Frameworks */ = {
			isa = PBXFrameworksBuildPhase;
			buildActionMask = 2147483647;
			files = (
				871C5AFB28E898C9000BC7AB /* FirebaseCrashlytics in Frameworks */,
				871C5AF728E898C9000BC7AB /* FirebaseAnalytics in Frameworks */,
				871C5AFD28E898C9000BC7AB /* FirebaseDatabase in Frameworks */,
				871C5AF928E898C9000BC7AB /* FirebaseAuth in Frameworks */,
				879D8B8C28F4898A00A03DF2 /* Kingfisher in Frameworks */,
			);
			runOnlyForDeploymentPostprocessing = 0;
		};
/* End PBXFrameworksBuildPhase section */

/* Begin PBXGroup section */
		871C5AEF28E88EC9000BC7AB /* Views */ = {
			isa = PBXGroup;
			children = (
				87D957A428E850B100BFD9AE /* Registration.storyboard */,
				87FC939528E9E67300E512E3 /* Main.storyboard */,
			);
			path = Views;
			sourceTree = "<group>";
		};
		871C5AF028E88EDB000BC7AB /* Controllers */ = {
			isa = PBXGroup;
			children = (
				879D8B7E28F46EC300A03DF2 /* Home */,
				87567F8628F2EE6900493540 /* Onboarding */,
				8792CE4828EE00ED008CAC9B /* Registration */,
			);
			path = Controllers;
			sourceTree = "<group>";
		};
		87567F8628F2EE6900493540 /* Onboarding */ = {
			isa = PBXGroup;
			children = (
				87567F8728F2EE9800493540 /* OnboardingViewController.swift */,
				87567F8C28F2F7A500493540 /* OnboardingCollectionViewCell.swift */,
			);
			path = Onboarding;
			sourceTree = "<group>";
		};
		87567F8B28F2F43800493540 /* Models */ = {
			isa = PBXGroup;
			children = (
				87567F8928F2F3BC00493540 /* OnboardingSlide.swift */,
				879D8B8828F486C000A03DF2 /* DishCategory.swift */,
				8791407428F99C9F00FFFF0A /* Dish.swift */,
			);
			path = Models;
			sourceTree = "<group>";
		};
		8791406F28F998ED00FFFF0A /* DishPortraitCollectionViewCell */ = {
			isa = PBXGroup;
			children = (
				8791407028F9992000FFFF0A /* DishPortraitCollectionViewCell.swift */,
				8791407128F9992000FFFF0A /* DishPortraitCollectionViewCell.xib */,
			);
			path = DishPortraitCollectionViewCell;
			sourceTree = "<group>";
		};
		8792CE4828EE00ED008CAC9B /* Registration */ = {
			isa = PBXGroup;
			children = (
				871C5AFE28E9A9B0000BC7AB /* StartViewController.swift */,
				87E35DB728EC346100BA4DD5 /* StViewController.swift */,
				871C5B0028E9AA8B000BC7AB /* SignInViewController.swift */,
				871C5B0228E9AD39000BC7AB /* SignUpViewController.swift */,
				879569BF28EAA4E90028805B /* ForgotPassViewController.swift */,
				87FC939728EA0F3300E512E3 /* VerificationService.swift */,
			);
			path = Registration;
			sourceTree = "<group>";
		};
		879D8B7E28F46EC300A03DF2 /* Home */ = {
			isa = PBXGroup;
			children = (
				879D8B7F28F46F1000A03DF2 /* HomeViewController.swift */,
			);
			path = Home;
			sourceTree = "<group>";
		};
		879D8B8128F482A100A03DF2 /* CollectionViewCells */ = {
			isa = PBXGroup;
			children = (
				8791406F28F998ED00FFFF0A /* DishPortraitCollectionViewCell */,
				879D8B8228F482BD00A03DF2 /* CategoryCollectionViewCell */,
			);
			path = CollectionViewCells;
			sourceTree = "<group>";
		};
		879D8B8228F482BD00A03DF2 /* CategoryCollectionViewCell */ = {
			isa = PBXGroup;
			children = (
				879D8B9228F5B76A00A03DF2 /* CategoryCollectionViewCell.swift */,
				879D8B9328F5B76A00A03DF2 /* CategoryCollectionViewCell.xib */,
			);
			path = CategoryCollectionViewCell;
			sourceTree = "<group>";
		};
		879D8B8728F4868400A03DF2 /* Extensions */ = {
			isa = PBXGroup;
			children = (
				879D8B8D28F48B1600A03DF2 /* String+Extension.swift */,
			);
			path = Extensions;
			sourceTree = "<group>";
		};
		879D8B8F28F49B8D00A03DF2 /* Custom  */ = {
			isa = PBXGroup;
			children = (
				879D8B8128F482A100A03DF2 /* CollectionViewCells */,
				879D8B9028F49BBA00A03DF2 /* CardView.swift */,
			);
			path = "Custom ";
			sourceTree = "<group>";
		};
		87D9579228E850B100BFD9AE = {
			isa = PBXGroup;
			children = (
				87D9579D28E850B100BFD9AE /* InfoPlistFood */,
				87D9579C28E850B100BFD9AE /* Products */,
			);
			sourceTree = "<group>";
		};
		87D9579C28E850B100BFD9AE /* Products */ = {
			isa = PBXGroup;
			children = (
				87D9579B28E850B100BFD9AE /* InfoPlistFood.app */,
			);
			name = Products;
			sourceTree = "<group>";
		};
		87D9579D28E850B100BFD9AE /* InfoPlistFood */ = {
			isa = PBXGroup;
			children = (
				879D8B8728F4868400A03DF2 /* Extensions */,
				879D8B8F28F49B8D00A03DF2 /* Custom  */,
				87E575DC28EAFD4E000AA3E0 /* InfoPlistFood.entitlements */,
				87567F8B28F2F43800493540 /* Models */,
				871C5AF028E88EDB000BC7AB /* Controllers */,
				871C5AEF28E88EC9000BC7AB /* Views */,
				87D957A928E850B700BFD9AE /* LaunchScreen.storyboard */,
				87D957B228E8514100BFD9AE /* Delegates */,
				87D957AC28E850B700BFD9AE /* Info.plist */,
				87D957A728E850B700BFD9AE /* Assets.xcassets */,
				871C5AF328E892FE000BC7AB /* GoogleService-Info.plist */,
			);
			path = InfoPlistFood;
			sourceTree = "<group>";
		};
		87D957B228E8514100BFD9AE /* Delegates */ = {
			isa = PBXGroup;
			children = (
				87D9579E28E850B100BFD9AE /* AppDelegate.swift */,
				87D957A028E850B100BFD9AE /* SceneDelegate.swift */,
			);
			path = Delegates;
			sourceTree = "<group>";
		};
/* End PBXGroup section */

/* Begin PBXNativeTarget section */
		87D9579A28E850B100BFD9AE /* InfoPlistFood */ = {
			isa = PBXNativeTarget;
			buildConfigurationList = 87D957AF28E850B700BFD9AE /* Build configuration list for PBXNativeTarget "InfoPlistFood" */;
			buildPhases = (
				87D9579728E850B100BFD9AE /* Sources */,
				87D9579828E850B100BFD9AE /* Frameworks */,
				87D9579928E850B100BFD9AE /* Resources */,
			);
			buildRules = (
			);
			dependencies = (
			);
			name = InfoPlistFood;
			packageProductDependencies = (
				871C5AF628E898C9000BC7AB /* FirebaseAnalytics */,
				871C5AF828E898C9000BC7AB /* FirebaseAuth */,
				871C5AFA28E898C9000BC7AB /* FirebaseCrashlytics */,
				871C5AFC28E898C9000BC7AB /* FirebaseDatabase */,
				879D8B8B28F4898A00A03DF2 /* Kingfisher */,
			);
			productName = InfoPlistFood;
			productReference = 87D9579B28E850B100BFD9AE /* InfoPlistFood.app */;
			productType = "com.apple.product-type.application";
		};
/* End PBXNativeTarget section */

/* Begin PBXProject section */
		87D9579328E850B100BFD9AE /* Project object */ = {
			isa = PBXProject;
			attributes = {
				BuildIndependentTargetsInParallel = 1;
				LastSwiftUpdateCheck = 1340;
				LastUpgradeCheck = 1340;
				TargetAttributes = {
					87D9579A28E850B100BFD9AE = {
						CreatedOnToolsVersion = 13.4.1;
					};
				};
			};
			buildConfigurationList = 87D9579628E850B100BFD9AE /* Build configuration list for PBXProject "InfoPlistFood" */;
			compatibilityVersion = "Xcode 13.0";
			developmentRegion = en;
			hasScannedForEncodings = 0;
			knownRegions = (
				en,
				Base,
			);
			mainGroup = 87D9579228E850B100BFD9AE;
			packageReferences = (
				871C5AF528E898C9000BC7AB /* XCRemoteSwiftPackageReference "firebase-ios-sdk" */,
				879D8B8A28F4898900A03DF2 /* XCRemoteSwiftPackageReference "Kingfisher" */,
			);
			productRefGroup = 87D9579C28E850B100BFD9AE /* Products */;
			projectDirPath = "";
			projectRoot = "";
			targets = (
				87D9579A28E850B100BFD9AE /* InfoPlistFood */,
			);
		};
/* End PBXProject section */

/* Begin PBXResourcesBuildPhase section */
		87D9579928E850B100BFD9AE /* Resources */ = {
			isa = PBXResourcesBuildPhase;
			buildActionMask = 2147483647;
			files = (
				879D8B9528F5B76A00A03DF2 /* CategoryCollectionViewCell.xib in Resources */,
				87D957AB28E850B700BFD9AE /* LaunchScreen.storyboard in Resources */,
				87FC939628E9E67300E512E3 /* Main.storyboard in Resources */,
				8791407328F9992000FFFF0A /* DishPortraitCollectionViewCell.xib in Resources */,
				871C5AF428E892FE000BC7AB /* GoogleService-Info.plist in Resources */,
				87D957A828E850B700BFD9AE /* Assets.xcassets in Resources */,
				87D957A628E850B100BFD9AE /* Registration.storyboard in Resources */,
			);
			runOnlyForDeploymentPostprocessing = 0;
		};
/* End PBXResourcesBuildPhase section */

/* Begin PBXSourcesBuildPhase section */
		87D9579728E850B100BFD9AE /* Sources */ = {
			isa = PBXSourcesBuildPhase;
			buildActionMask = 2147483647;
			files = (
				879D8B9428F5B76A00A03DF2 /* CategoryCollectionViewCell.swift in Sources */,
				87567F8A28F2F3BC00493540 /* OnboardingSlide.swift in Sources */,
				87D9579F28E850B100BFD9AE /* AppDelegate.swift in Sources */,
				871C5AFF28E9A9B0000BC7AB /* StartViewController.swift in Sources */,
				879569C028EAA4E90028805B /* ForgotPassViewController.swift in Sources */,
				87FC939828EA0F3300E512E3 /* VerificationService.swift in Sources */,
				879D8B8928F486C000A03DF2 /* DishCategory.swift in Sources */,
				871C5B0128E9AA8B000BC7AB /* SignInViewController.swift in Sources */,
				87D957A128E850B100BFD9AE /* SceneDelegate.swift in Sources */,
				871C5B0328E9AD39000BC7AB /* SignUpViewController.swift in Sources */,
				87567F8828F2EE9800493540 /* OnboardingViewController.swift in Sources */,
				87E35DB828EC346100BA4DD5 /* StViewController.swift in Sources */,
				87567F8D28F2F7A500493540 /* OnboardingCollectionViewCell.swift in Sources */,
				879D8B8E28F48B1600A03DF2 /* String+Extension.swift in Sources */,
				8791407228F9992000FFFF0A /* DishPortraitCollectionViewCell.swift in Sources */,
				8791407528F99C9F00FFFF0A /* Dish.swift in Sources */,
				879D8B9128F49BBA00A03DF2 /* CardView.swift in Sources */,
				879D8B8028F46F1000A03DF2 /* HomeViewController.swift in Sources */,
			);
			runOnlyForDeploymentPostprocessing = 0;
		};
/* End PBXSourcesBuildPhase section */

/* Begin PBXVariantGroup section */
		87D957A428E850B100BFD9AE /* Registration.storyboard */ = {
			isa = PBXVariantGroup;
			children = (
				87D957A528E850B100BFD9AE /* Base */,
			);
			name = Registration.storyboard;
			sourceTree = "<group>";
		};
		87D957A928E850B700BFD9AE /* LaunchScreen.storyboard */ = {
			isa = PBXVariantGroup;
			children = (
				87D957AA28E850B700BFD9AE /* Base */,
			);
			name = LaunchScreen.storyboard;
			sourceTree = "<group>";
		};
/* End PBXVariantGroup section */

/* Begin XCBuildConfiguration section */
		87D957AD28E850B700BFD9AE /* Debug */ = {
			isa = XCBuildConfiguration;
			buildSettings = {
				ALWAYS_SEARCH_USER_PATHS = NO;
				CLANG_ANALYZER_NONNULL = YES;
				CLANG_ANALYZER_NUMBER_OBJECT_CONVERSION = YES_AGGRESSIVE;
				CLANG_CXX_LANGUAGE_STANDARD = "gnu++17";
				CLANG_ENABLE_MODULES = YES;
				CLANG_ENABLE_OBJC_ARC = YES;
				CLANG_ENABLE_OBJC_WEAK = YES;
				CLANG_WARN_BLOCK_CAPTURE_AUTORELEASING = YES;
				CLANG_WARN_BOOL_CONVERSION = YES;
				CLANG_WARN_COMMA = YES;
				CLANG_WARN_CONSTANT_CONVERSION = YES;
				CLANG_WARN_DEPRECATED_OBJC_IMPLEMENTATIONS = YES;
				CLANG_WARN_DIRECT_OBJC_ISA_USAGE = YES_ERROR;
				CLANG_WARN_DOCUMENTATION_COMMENTS = YES;
				CLANG_WARN_EMPTY_BODY = YES;
				CLANG_WARN_ENUM_CONVERSION = YES;
				CLANG_WARN_INFINITE_RECURSION = YES;
				CLANG_WARN_INT_CONVERSION = YES;
				CLANG_WARN_NON_LITERAL_NULL_CONVERSION = YES;
				CLANG_WARN_OBJC_IMPLICIT_RETAIN_SELF = YES;
				CLANG_WARN_OBJC_LITERAL_CONVERSION = YES;
				CLANG_WARN_OBJC_ROOT_CLASS = YES_ERROR;
				CLANG_WARN_QUOTED_INCLUDE_IN_FRAMEWORK_HEADER = YES;
				CLANG_WARN_RANGE_LOOP_ANALYSIS = YES;
				CLANG_WARN_STRICT_PROTOTYPES = YES;
				CLANG_WARN_SUSPICIOUS_MOVE = YES;
				CLANG_WARN_UNGUARDED_AVAILABILITY = YES_AGGRESSIVE;
				CLANG_WARN_UNREACHABLE_CODE = YES;
				CLANG_WARN__DUPLICATE_METHOD_MATCH = YES;
				COPY_PHASE_STRIP = NO;
				DEBUG_INFORMATION_FORMAT = dwarf;
				ENABLE_STRICT_OBJC_MSGSEND = YES;
				ENABLE_TESTABILITY = YES;
				GCC_C_LANGUAGE_STANDARD = gnu11;
				GCC_DYNAMIC_NO_PIC = NO;
				GCC_NO_COMMON_BLOCKS = YES;
				GCC_OPTIMIZATION_LEVEL = 0;
				GCC_PREPROCESSOR_DEFINITIONS = (
					"DEBUG=1",
					"$(inherited)",
				);
				GCC_WARN_64_TO_32_BIT_CONVERSION = YES;
				GCC_WARN_ABOUT_RETURN_TYPE = YES_ERROR;
				GCC_WARN_UNDECLARED_SELECTOR = YES;
				GCC_WARN_UNINITIALIZED_AUTOS = YES_AGGRESSIVE;
				GCC_WARN_UNUSED_FUNCTION = YES;
				GCC_WARN_UNUSED_VARIABLE = YES;
				IPHONEOS_DEPLOYMENT_TARGET = 15.5;
				MTL_ENABLE_DEBUG_INFO = INCLUDE_SOURCE;
				MTL_FAST_MATH = YES;
				ONLY_ACTIVE_ARCH = YES;
				SDKROOT = iphoneos;
				SWIFT_ACTIVE_COMPILATION_CONDITIONS = DEBUG;
				SWIFT_OPTIMIZATION_LEVEL = "-Onone";
			};
			name = Debug;
		};
		87D957AE28E850B700BFD9AE /* Release */ = {
			isa = XCBuildConfiguration;
			buildSettings = {
				ALWAYS_SEARCH_USER_PATHS = NO;
				CLANG_ANALYZER_NONNULL = YES;
				CLANG_ANALYZER_NUMBER_OBJECT_CONVERSION = YES_AGGRESSIVE;
				CLANG_CXX_LANGUAGE_STANDARD = "gnu++17";
				CLANG_ENABLE_MODULES = YES;
				CLANG_ENABLE_OBJC_ARC = YES;
				CLANG_ENABLE_OBJC_WEAK = YES;
				CLANG_WARN_BLOCK_CAPTURE_AUTORELEASING = YES;
				CLANG_WARN_BOOL_CONVERSION = YES;
				CLANG_WARN_COMMA = YES;
				CLANG_WARN_CONSTANT_CONVERSION = YES;
				CLANG_WARN_DEPRECATED_OBJC_IMPLEMENTATIONS = YES;
				CLANG_WARN_DIRECT_OBJC_ISA_USAGE = YES_ERROR;
				CLANG_WARN_DOCUMENTATION_COMMENTS = YES;
				CLANG_WARN_EMPTY_BODY = YES;
				CLANG_WARN_ENUM_CONVERSION = YES;
				CLANG_WARN_INFINITE_RECURSION = YES;
				CLANG_WARN_INT_CONVERSION = YES;
				CLANG_WARN_NON_LITERAL_NULL_CONVERSION = YES;
				CLANG_WARN_OBJC_IMPLICIT_RETAIN_SELF = YES;
				CLANG_WARN_OBJC_LITERAL_CONVERSION = YES;
				CLANG_WARN_OBJC_ROOT_CLASS = YES_ERROR;
				CLANG_WARN_QUOTED_INCLUDE_IN_FRAMEWORK_HEADER = YES;
				CLANG_WARN_RANGE_LOOP_ANALYSIS = YES;
				CLANG_WARN_STRICT_PROTOTYPES = YES;
				CLANG_WARN_SUSPICIOUS_MOVE = YES;
				CLANG_WARN_UNGUARDED_AVAILABILITY = YES_AGGRESSIVE;
				CLANG_WARN_UNREACHABLE_CODE = YES;
				CLANG_WARN__DUPLICATE_METHOD_MATCH = YES;
				COPY_PHASE_STRIP = NO;
				DEBUG_INFORMATION_FORMAT = "dwarf-with-dsym";
				ENABLE_NS_ASSERTIONS = NO;
				ENABLE_STRICT_OBJC_MSGSEND = YES;
				GCC_C_LANGUAGE_STANDARD = gnu11;
				GCC_NO_COMMON_BLOCKS = YES;
				GCC_WARN_64_TO_32_BIT_CONVERSION = YES;
				GCC_WARN_ABOUT_RETURN_TYPE = YES_ERROR;
				GCC_WARN_UNDECLARED_SELECTOR = YES;
				GCC_WARN_UNINITIALIZED_AUTOS = YES_AGGRESSIVE;
				GCC_WARN_UNUSED_FUNCTION = YES;
				GCC_WARN_UNUSED_VARIABLE = YES;
				IPHONEOS_DEPLOYMENT_TARGET = 15.5;
				MTL_ENABLE_DEBUG_INFO = NO;
				MTL_FAST_MATH = YES;
				SDKROOT = iphoneos;
				SWIFT_COMPILATION_MODE = wholemodule;
				SWIFT_OPTIMIZATION_LEVEL = "-O";
				VALIDATE_PRODUCT = YES;
			};
			name = Release;
		};
		87D957B028E850B700BFD9AE /* Debug */ = {
			isa = XCBuildConfiguration;
			buildSettings = {
				ASSETCATALOG_COMPILER_APPICON_NAME = AppIcon;
				ASSETCATALOG_COMPILER_GLOBAL_ACCENT_COLOR_NAME = AccentColor;
				CODE_SIGN_ENTITLEMENTS = InfoPlistFood/InfoPlistFood.entitlements;
				CODE_SIGN_STYLE = Automatic;
				CURRENT_PROJECT_VERSION = 1;
				DEVELOPMENT_TEAM = D7N23SVPNV;
				GENERATE_INFOPLIST_FILE = YES;
				INFOPLIST_FILE = InfoPlistFood/Info.plist;
				INFOPLIST_KEY_UIApplicationSupportsIndirectInputEvents = YES;
				INFOPLIST_KEY_UILaunchStoryboardName = LaunchScreen;
				INFOPLIST_KEY_UIMainStoryboardFile = Registration;
				INFOPLIST_KEY_UISupportedInterfaceOrientations_iPad = "UIInterfaceOrientationPortrait UIInterfaceOrientationPortraitUpsideDown UIInterfaceOrientationLandscapeLeft UIInterfaceOrientationLandscapeRight";
				INFOPLIST_KEY_UISupportedInterfaceOrientations_iPhone = "UIInterfaceOrientationPortrait UIInterfaceOrientationLandscapeLeft UIInterfaceOrientationLandscapeRight";
				LD_RUNPATH_SEARCH_PATHS = (
					"$(inherited)",
					"@executable_path/Frameworks",
				);
				MARKETING_VERSION = 1.0;
				PRODUCT_BUNDLE_IDENTIFIER = sergey.InfoPlistFood;
				PRODUCT_NAME = "$(TARGET_NAME)";
				SWIFT_EMIT_LOC_STRINGS = YES;
				SWIFT_VERSION = 5.0;
				TARGETED_DEVICE_FAMILY = 1;
			};
			name = Debug;
		};
		87D957B128E850B700BFD9AE /* Release */ = {
			isa = XCBuildConfiguration;
			buildSettings = {
				ASSETCATALOG_COMPILER_APPICON_NAME = AppIcon;
				ASSETCATALOG_COMPILER_GLOBAL_ACCENT_COLOR_NAME = AccentColor;
				CODE_SIGN_ENTITLEMENTS = InfoPlistFood/InfoPlistFood.entitlements;
				CODE_SIGN_STYLE = Automatic;
				CURRENT_PROJECT_VERSION = 1;
				DEVELOPMENT_TEAM = D7N23SVPNV;
				GENERATE_INFOPLIST_FILE = YES;
				INFOPLIST_FILE = InfoPlistFood/Info.plist;
				INFOPLIST_KEY_UIApplicationSupportsIndirectInputEvents = YES;
				INFOPLIST_KEY_UILaunchStoryboardName = LaunchScreen;
				INFOPLIST_KEY_UIMainStoryboardFile = Registration;
				INFOPLIST_KEY_UISupportedInterfaceOrientations_iPad = "UIInterfaceOrientationPortrait UIInterfaceOrientationPortraitUpsideDown UIInterfaceOrientationLandscapeLeft UIInterfaceOrientationLandscapeRight";
				INFOPLIST_KEY_UISupportedInterfaceOrientations_iPhone = "UIInterfaceOrientationPortrait UIInterfaceOrientationLandscapeLeft UIInterfaceOrientationLandscapeRight";
				LD_RUNPATH_SEARCH_PATHS = (
					"$(inherited)",
					"@executable_path/Frameworks",
				);
				MARKETING_VERSION = 1.0;
				PRODUCT_BUNDLE_IDENTIFIER = sergey.InfoPlistFood;
				PRODUCT_NAME = "$(TARGET_NAME)";
				SWIFT_EMIT_LOC_STRINGS = YES;
				SWIFT_VERSION = 5.0;
				TARGETED_DEVICE_FAMILY = 1;
			};
			name = Release;
		};
/* End XCBuildConfiguration section */

/* Begin XCConfigurationList section */
		87D9579628E850B100BFD9AE /* Build configuration list for PBXProject "InfoPlistFood" */ = {
			isa = XCConfigurationList;
			buildConfigurations = (
				87D957AD28E850B700BFD9AE /* Debug */,
				87D957AE28E850B700BFD9AE /* Release */,
			);
			defaultConfigurationIsVisible = 0;
			defaultConfigurationName = Release;
		};
		87D957AF28E850B700BFD9AE /* Build configuration list for PBXNativeTarget "InfoPlistFood" */ = {
			isa = XCConfigurationList;
			buildConfigurations = (
				87D957B028E850B700BFD9AE /* Debug */,
				87D957B128E850B700BFD9AE /* Release */,
			);
			defaultConfigurationIsVisible = 0;
			defaultConfigurationName = Release;
		};
/* End XCConfigurationList section */

/* Begin XCRemoteSwiftPackageReference section */
		871C5AF528E898C9000BC7AB /* XCRemoteSwiftPackageReference "firebase-ios-sdk" */ = {
			isa = XCRemoteSwiftPackageReference;
			repositoryURL = "https://github.com/firebase/firebase-ios-sdk";
			requirement = {
				kind = upToNextMajorVersion;
				minimumVersion = 9.6.0;
			};
		};
		879D8B8A28F4898900A03DF2 /* XCRemoteSwiftPackageReference "Kingfisher" */ = {
			isa = XCRemoteSwiftPackageReference;
			repositoryURL = "https://github.com/onevcat/Kingfisher.git";
			requirement = {
				kind = upToNextMajorVersion;
				minimumVersion = 7.0.0;
			};
		};
/* End XCRemoteSwiftPackageReference section */

/* Begin XCSwiftPackageProductDependency section */
		871C5AF628E898C9000BC7AB /* FirebaseAnalytics */ = {
			isa = XCSwiftPackageProductDependency;
			package = 871C5AF528E898C9000BC7AB /* XCRemoteSwiftPackageReference "firebase-ios-sdk" */;
			productName = FirebaseAnalytics;
		};
		871C5AF828E898C9000BC7AB /* FirebaseAuth */ = {
			isa = XCSwiftPackageProductDependency;
			package = 871C5AF528E898C9000BC7AB /* XCRemoteSwiftPackageReference "firebase-ios-sdk" */;
			productName = FirebaseAuth;
		};
		871C5AFA28E898C9000BC7AB /* FirebaseCrashlytics */ = {
			isa = XCSwiftPackageProductDependency;
			package = 871C5AF528E898C9000BC7AB /* XCRemoteSwiftPackageReference "firebase-ios-sdk" */;
			productName = FirebaseCrashlytics;
		};
		871C5AFC28E898C9000BC7AB /* FirebaseDatabase */ = {
			isa = XCSwiftPackageProductDependency;
			package = 871C5AF528E898C9000BC7AB /* XCRemoteSwiftPackageReference "firebase-ios-sdk" */;
			productName = FirebaseDatabase;
		};
		879D8B8B28F4898A00A03DF2 /* Kingfisher */ = {
			isa = XCSwiftPackageProductDependency;
			package = 879D8B8A28F4898900A03DF2 /* XCRemoteSwiftPackageReference "Kingfisher" */;
			productName = Kingfisher;
		};
/* End XCSwiftPackageProductDependency section */
	};
	rootObject = 87D9579328E850B100BFD9AE /* Project object */;
}
